
Microsoft Visual Studio Solution File, Format Version 12.00
# Visual Studio 15
VisualStudioVersion = 15.0.26403.7
MinimumVisualStudioVersion = 10.0.40219.1
Project("{FAE04EC0-301F-11D3-BF4B-00C04F79EFBC}") = "Word-Settings-Sample", "Word-Settings-Sample\Word-Settings-Sample.csproj", "{51883552-B483-450B-9ED3-E8E494C4A5AE}"
EndProject
Project("{FAE04EC0-301F-11D3-BF4B-00C04F79EFBC}") = "Word-Settings-SampleWeb", "Word-Settings-SampleWeb\Word-Settings-SampleWeb.csproj", "{FDE750B1-7CEE-4194-B789-E1A052049452}"
EndProject
Global
	GlobalSection(SolutionConfigurationPlatforms) = preSolution
		Debug|Any CPU = Debug|Any CPU
		Release|Any CPU = Release|Any CPU
	EndGlobalSection
	GlobalSection(ProjectConfigurationPlatforms) = postSolution
		{51883552-B483-450B-9ED3-E8E494C4A5AE}.Debug|Any CPU.ActiveCfg = Debug|Any CPU
		{51883552-B483-450B-9ED3-E8E494C4A5AE}.Debug|Any CPU.Build.0 = Debug|Any CPU
		{51883552-B483-450B-9ED3-E8E494C4A5AE}.Debug|Any CPU.Deploy.0 = Debug|Any CPU
		{51883552-B483-450B-9ED3-E8E494C4A5AE}.Release|Any CPU.ActiveCfg = Release|Any CPU
		{51883552-B483-450B-9ED3-E8E494C4A5AE}.Release|Any CPU.Build.0 = Release|Any CPU
		{51883552-B483-450B-9ED3-E8E494C4A5AE}.Release|Any CPU.Deploy.0 = Release|Any CPU
		{FDE750B1-7CEE-4194-B789-E1A052049452}.Debug|Any CPU.ActiveCfg = Debug|Any CPU
		{FDE750B1-7CEE-4194-B789-E1A052049452}.Debug|Any CPU.Build.0 = Debug|Any CPU
		{FDE750B1-7CEE-4194-B789-E1A052049452}.Release|Any CPU.ActiveCfg = Release|Any CPU
		{FDE750B1-7CEE-4194-B789-E1A052049452}.Release|Any CPU.Build.0 = Release|Any CPU
	EndGlobalSection
	GlobalSection(SolutionProperties) = preSolution
		HideSolutionNode = FALSE
	EndGlobalSection
EndGlobal
